
Microsoft Visual Studio Solution File, Format Version 12.00
# Visual Studio 15
VisualStudioVersion = 15.0.28307.106
MinimumVisualStudioVersion = 10.0.40219.1
Project("{FAE04EC0-301F-11D3-BF4B-00C04F79EFBC}") = "Vet.Herramientas.Web", "Vet.Herramientas.Web\Vet.Herramientas.Web.csproj", "{550643DD-76AC-4EDD-AF6D-4F953203274E}"
EndProject
Global
	GlobalSection(SolutionConfigurationPlatforms) = preSolution
		Debug|Any CPU = Debug|Any CPU
		Release|Any CPU = Release|Any CPU
	EndGlobalSection
	GlobalSection(ProjectConfigurationPlatforms) = postSolution
		{550643DD-76AC-4EDD-AF6D-4F953203274E}.Debug|Any CPU.ActiveCfg = Debug|Any CPU
		{550643DD-76AC-4EDD-AF6D-4F953203274E}.Debug|Any CPU.Build.0 = Debug|Any CPU
		{550643DD-76AC-4EDD-AF6D-4F953203274E}.Release|Any CPU.ActiveCfg = Release|Any CPU
		{550643DD-76AC-4EDD-AF6D-4F953203274E}.Release|Any CPU.Build.0 = Release|Any CPU
	EndGlobalSection
	GlobalSection(SolutionProperties) = preSolution
		HideSolutionNode = FALSE
	EndGlobalSection
	GlobalSection(ExtensibilityGlobals) = postSolution
		SolutionGuid = {B417740F-2066-4689-8035-80F79E10C030}
	EndGlobalSection
EndGlobal
